
Microsoft Visual Studio Solution File, Format Version 12.00
# Visual Studio 15
VisualStudioVersion = 15.0.28307.705
MinimumVisualStudioVersion = 10.0.40219.1
Project("{FAE04EC0-301F-11D3-BF4B-00C04F79EFBC}") = "Picture Viewer", "Picture Viewer\Picture Viewer.csproj", "{AE61467D-B4C4-4190-BE6C-0747AFDD4805}"
EndProject
Global
	GlobalSection(SolutionConfigurationPlatforms) = preSolution
		Debug|Any CPU = Debug|Any CPU
		Release|Any CPU = Release|Any CPU
	EndGlobalSection
	GlobalSection(ProjectConfigurationPlatforms) = postSolution
		{AE61467D-B4C4-4190-BE6C-0747AFDD4805}.Debug|Any CPU.ActiveCfg = Debug|Any CPU
		{AE61467D-B4C4-4190-BE6C-0747AFDD4805}.Debug|Any CPU.Build.0 = Debug|Any CPU
		{AE61467D-B4C4-4190-BE6C-0747AFDD4805}.Release|Any CPU.ActiveCfg = Release|Any CPU
		{AE61467D-B4C4-4190-BE6C-0747AFDD4805}.Release|Any CPU.Build.0 = Release|Any CPU
	EndGlobalSection
	GlobalSection(SolutionProperties) = preSolution
		HideSolutionNode = FALSE
	EndGlobalSection
	GlobalSection(ExtensibilityGlobals) = postSolution
		SolutionGuid = {D0B3C042-0709-4A30-AA2C-2C65CCC71BD7}
	EndGlobalSection
EndGlobal
